
Microsoft Visual Studio Solution File, Format Version 12.00
# Visual Studio Version 17
VisualStudioVersion = 17.4.33103.184
MinimumVisualStudioVersion = 10.0.40219.1
Project("{FAE04EC0-301F-11D3-BF4B-00C04F79EFBC}") = "IdentityServer", "IdentityServer\IdentityServer.csproj", "{073123C8-9F56-48B6-B7FE-F6DDC04E5A6A}"
EndProject
Project("{FAE04EC0-301F-11D3-BF4B-00C04F79EFBC}") = "MoviesAPI", "MoviesAPI\MoviesAPI.csproj", "{007C7743-FF94-4CC9-9594-BDBA616B2EF0}"
EndProject
Global
	GlobalSection(SolutionConfigurationPlatforms) = preSolution
		Debug|Any CPU = Debug|Any CPU
		Release|Any CPU = Release|Any CPU
	EndGlobalSection
	GlobalSection(ProjectConfigurationPlatforms) = postSolution
		{073123C8-9F56-48B6-B7FE-F6DDC04E5A6A}.Debug|Any CPU.ActiveCfg = Debug|Any CPU
		{073123C8-9F56-48B6-B7FE-F6DDC04E5A6A}.Debug|Any CPU.Build.0 = Debug|Any CPU
		{073123C8-9F56-48B6-B7FE-F6DDC04E5A6A}.Release|Any CPU.ActiveCfg = Release|Any CPU
		{073123C8-9F56-48B6-B7FE-F6DDC04E5A6A}.Release|Any CPU.Build.0 = Release|Any CPU
		{007C7743-FF94-4CC9-9594-BDBA616B2EF0}.Debug|Any CPU.ActiveCfg = Debug|Any CPU
		{007C7743-FF94-4CC9-9594-BDBA616B2EF0}.Debug|Any CPU.Build.0 = Debug|Any CPU
		{007C7743-FF94-4CC9-9594-BDBA616B2EF0}.Release|Any CPU.ActiveCfg = Release|Any CPU
		{007C7743-FF94-4CC9-9594-BDBA616B2EF0}.Release|Any CPU.Build.0 = Release|Any CPU
	EndGlobalSection
	GlobalSection(SolutionProperties) = preSolution
		HideSolutionNode = FALSE
	EndGlobalSection
	GlobalSection(ExtensibilityGlobals) = postSolution
		SolutionGuid = {16A29573-96F9-47ED-ACFF-4A3B999AD582}
	EndGlobalSection
EndGlobal
